
Microsoft Visual Studio Solution File, Format Version 12.00
# Visual Studio Version 16
VisualStudioVersion = 16.0.32428.217
MinimumVisualStudioVersion = 10.0.40219.1
Project("{FAE04EC0-301F-11D3-BF4B-00C04F79EFBC}") = "YCProduction.Web", "YCProduction.Web\YCProduction.Web.csproj", "{3AF9346E-E146-4FCC-82CF-AACF69179B1B}"
EndProject
Project("{FAE04EC0-301F-11D3-BF4B-00C04F79EFBC}") = "YCProduction.Common", "YCProduction.Common\YCProduction.Common.csproj", "{40B2761B-AA61-4D86-8EEB-1BB2234AC4E2}"
EndProject
Project("{FAE04EC0-301F-11D3-BF4B-00C04F79EFBC}") = "YCProduction.IRepository", "YCProduction.IRepository\YCProduction.IRepository.csproj", "{9B2CAB0D-2401-4274-86B3-FAC43C4AF807}"
EndProject
Project("{FAE04EC0-301F-11D3-BF4B-00C04F79EFBC}") = "YCProduction.Repository", "YCProduction.Repository\YCProduction.Repository.csproj", "{83489BC4-AFA2-45A9-83A7-6581F9B5239D}"
EndProject
Project("{FAE04EC0-301F-11D3-BF4B-00C04F79EFBC}") = "YCProduction.IService", "YCProduction.IService\YCProduction.IService.csproj", "{0E699229-0FB8-4CA8-B2FE-06D4DB0F4236}"
EndProject
Project("{FAE04EC0-301F-11D3-BF4B-00C04F79EFBC}") = "YCProduction.Service", "YCProduction.Service\YCProduction.Service.csproj", "{26449D3A-B598-4F43-B0E3-6C3033DE32C1}"
EndProject
Project("{2150E333-8FDC-42A3-9474-1A3956D46DE8}") = "src", "src", "{C624174D-3626-4BD5-8F58-85781990222D}"
EndProject
Project("{2150E333-8FDC-42A3-9474-1A3956D46DE8}") = "UI", "UI", "{56C446CB-C17A-4BA2-8428-9C9110B3F0C8}"
EndProject
Project("{2150E333-8FDC-42A3-9474-1A3956D46DE8}") = "Common", "Common", "{31D3BF6F-2C38-478C-B7A2-D8C078DE48BB}"
EndProject
Project("{2150E333-8FDC-42A3-9474-1A3956D46DE8}") = "Repository", "Repository", "{05410E4B-B7BB-4AF7-9EB6-8BB7C3A0DE89}"
EndProject
Project("{2150E333-8FDC-42A3-9474-1A3956D46DE8}") = "Server", "Server", "{8F408D07-4112-4981-B75E-30F2AFF5588A}"
EndProject
Project("{FAE04EC0-301F-11D3-BF4B-00C04F79EFBC}") = "YCProduction.Model", "YCProduction.Model\YCProduction.Model.csproj", "{A61660B3-B093-4220-BA59-0C8001ACB8CA}"
EndProject
Project("{2150E333-8FDC-42A3-9474-1A3956D46DE8}") = "Interface", "Interface", "{7BCD7E14-B9E1-4868-A941-1FB44BEB2185}"
EndProject
Project("{FAE04EC0-301F-11D3-BF4B-00C04F79EFBC}") = "YCProduction.BaseEntityFramework", "YCProduction.BaseEntityFramework\YCProduction.BaseEntityFramework.csproj", "{B45B0D96-0D51-438F-9ADD-09252D0D4F5E}"
EndProject
Global
	GlobalSection(SolutionConfigurationPlatforms) = preSolution
		Debug|Any CPU = Debug|Any CPU
		Release|Any CPU = Release|Any CPU
	EndGlobalSection
	GlobalSection(ProjectConfigurationPlatforms) = postSolution
		{3AF9346E-E146-4FCC-82CF-AACF69179B1B}.Debug|Any CPU.ActiveCfg = Debug|Any CPU
		{3AF9346E-E146-4FCC-82CF-AACF69179B1B}.Debug|Any CPU.Build.0 = Debug|Any CPU
		{3AF9346E-E146-4FCC-82CF-AACF69179B1B}.Release|Any CPU.ActiveCfg = Release|Any CPU
		{3AF9346E-E146-4FCC-82CF-AACF69179B1B}.Release|Any CPU.Build.0 = Release|Any CPU
		{40B2761B-AA61-4D86-8EEB-1BB2234AC4E2}.Debug|Any CPU.ActiveCfg = Debug|Any CPU
		{40B2761B-AA61-4D86-8EEB-1BB2234AC4E2}.Debug|Any CPU.Build.0 = Debug|Any CPU
		{40B2761B-AA61-4D86-8EEB-1BB2234AC4E2}.Release|Any CPU.ActiveCfg = Release|Any CPU
		{40B2761B-AA61-4D86-8EEB-1BB2234AC4E2}.Release|Any CPU.Build.0 = Release|Any CPU
		{9B2CAB0D-2401-4274-86B3-FAC43C4AF807}.Debug|Any CPU.ActiveCfg = Debug|Any CPU
		{9B2CAB0D-2401-4274-86B3-FAC43C4AF807}.Debug|Any CPU.Build.0 = Debug|Any CPU
		{9B2CAB0D-2401-4274-86B3-FAC43C4AF807}.Release|Any CPU.ActiveCfg = Release|Any CPU
		{9B2CAB0D-2401-4274-86B3-FAC43C4AF807}.Release|Any CPU.Build.0 = Release|Any CPU
		{83489BC4-AFA2-45A9-83A7-6581F9B5239D}.Debug|Any CPU.ActiveCfg = Debug|Any CPU
		{83489BC4-AFA2-45A9-83A7-6581F9B5239D}.Debug|Any CPU.Build.0 = Debug|Any CPU
		{83489BC4-AFA2-45A9-83A7-6581F9B5239D}.Release|Any CPU.ActiveCfg = Release|Any CPU
		{83489BC4-AFA2-45A9-83A7-6581F9B5239D}.Release|Any CPU.Build.0 = Release|Any CPU
		{0E699229-0FB8-4CA8-B2FE-06D4DB0F4236}.Debug|Any CPU.ActiveCfg = Debug|Any CPU
		{0E699229-0FB8-4CA8-B2FE-06D4DB0F4236}.Debug|Any CPU.Build.0 = Debug|Any CPU
		{0E699229-0FB8-4CA8-B2FE-06D4DB0F4236}.Release|Any CPU.ActiveCfg = Release|Any CPU
		{0E699229-0FB8-4CA8-B2FE-06D4DB0F4236}.Release|Any CPU.Build.0 = Release|Any CPU
		{26449D3A-B598-4F43-B0E3-6C3033DE32C1}.Debug|Any CPU.ActiveCfg = Debug|Any CPU
		{26449D3A-B598-4F43-B0E3-6C3033DE32C1}.Debug|Any CPU.Build.0 = Debug|Any CPU
		{26449D3A-B598-4F43-B0E3-6C3033DE32C1}.Release|Any CPU.ActiveCfg = Release|Any CPU
		{26449D3A-B598-4F43-B0E3-6C3033DE32C1}.Release|Any CPU.Build.0 = Release|Any CPU
		{A61660B3-B093-4220-BA59-0C8001ACB8CA}.Debug|Any CPU.ActiveCfg = Debug|Any CPU
		{A61660B3-B093-4220-BA59-0C8001ACB8CA}.Debug|Any CPU.Build.0 = Debug|Any CPU
		{A61660B3-B093-4220-BA59-0C8001ACB8CA}.Release|Any CPU.ActiveCfg = Release|Any CPU
		{A61660B3-B093-4220-BA59-0C8001ACB8CA}.Release|Any CPU.Build.0 = Release|Any CPU
		{B45B0D96-0D51-438F-9ADD-09252D0D4F5E}.Debug|Any CPU.ActiveCfg = Debug|Any CPU
		{B45B0D96-0D51-438F-9ADD-09252D0D4F5E}.Debug|Any CPU.Build.0 = Debug|Any CPU
		{B45B0D96-0D51-438F-9ADD-09252D0D4F5E}.Release|Any CPU.ActiveCfg = Release|Any CPU
		{B45B0D96-0D51-438F-9ADD-09252D0D4F5E}.Release|Any CPU.Build.0 = Release|Any CPU
	EndGlobalSection
	GlobalSection(SolutionProperties) = preSolution
		HideSolutionNode = FALSE
	EndGlobalSection
	GlobalSection(NestedProjects) = preSolution
		{3AF9346E-E146-4FCC-82CF-AACF69179B1B} = {56C446CB-C17A-4BA2-8428-9C9110B3F0C8}
		{40B2761B-AA61-4D86-8EEB-1BB2234AC4E2} = {31D3BF6F-2C38-478C-B7A2-D8C078DE48BB}
		{9B2CAB0D-2401-4274-86B3-FAC43C4AF807} = {05410E4B-B7BB-4AF7-9EB6-8BB7C3A0DE89}
		{83489BC4-AFA2-45A9-83A7-6581F9B5239D} = {05410E4B-B7BB-4AF7-9EB6-8BB7C3A0DE89}
		{0E699229-0FB8-4CA8-B2FE-06D4DB0F4236} = {8F408D07-4112-4981-B75E-30F2AFF5588A}
		{26449D3A-B598-4F43-B0E3-6C3033DE32C1} = {8F408D07-4112-4981-B75E-30F2AFF5588A}
		{56C446CB-C17A-4BA2-8428-9C9110B3F0C8} = {C624174D-3626-4BD5-8F58-85781990222D}
		{31D3BF6F-2C38-478C-B7A2-D8C078DE48BB} = {C624174D-3626-4BD5-8F58-85781990222D}
		{05410E4B-B7BB-4AF7-9EB6-8BB7C3A0DE89} = {C624174D-3626-4BD5-8F58-85781990222D}
		{8F408D07-4112-4981-B75E-30F2AFF5588A} = {C624174D-3626-4BD5-8F58-85781990222D}
		{A61660B3-B093-4220-BA59-0C8001ACB8CA} = {31D3BF6F-2C38-478C-B7A2-D8C078DE48BB}
		{7BCD7E14-B9E1-4868-A941-1FB44BEB2185} = {C624174D-3626-4BD5-8F58-85781990222D}
		{B45B0D96-0D51-438F-9ADD-09252D0D4F5E} = {7BCD7E14-B9E1-4868-A941-1FB44BEB2185}
	EndGlobalSection
	GlobalSection(ExtensibilityGlobals) = postSolution
		SolutionGuid = {AD8106AE-10D2-4B55-9264-3C1896C20E75}
	EndGlobalSection
EndGlobal
